
Microsoft Visual Studio Solution File, Format Version 11.00
# Visual Studio 2010
Project("{FAE04EC0-301F-11D3-BF4B-00C04F79EFBC}") = "Assembly-CSharp", "Assembly-CSharp.csproj", "{390ebee4-61b5-744a-d650-743eb6b7bd07}"
EndProject
Project("{FAE04EC0-301F-11D3-BF4B-00C04F79EFBC}") = "Assembly-CSharp-firstpass", "Assembly-CSharp-firstpass.csproj", "{07ce2520-53c0-3b08-545f-9a53376e97c3}"
EndProject
Project("{FAE04EC0-301F-11D3-BF4B-00C04F79EFBC}") = "PathCreator", "PathCreator.csproj", "{7cdaeb2c-50e1-0a5d-d1ab-db62908ec7ef}"
EndProject
Project("{FAE04EC0-301F-11D3-BF4B-00C04F79EFBC}") = "PathCreatorEditor", "PathCreatorEditor.csproj", "{4d9dd534-0d9c-82ea-a3a8-5d7cfe75a944}"
EndProject
Project("{FAE04EC0-301F-11D3-BF4B-00C04F79EFBC}") = "Assembly-CSharp-Editor", "Assembly-CSharp-Editor.csproj", "{e4e691e7-d534-a79b-142b-42cd70ff6367}"
EndProject
Global
	GlobalSection(SolutionConfigurationPlatforms) = preSolution
		Debug|Any CPU = Debug|Any CPU
	EndGlobalSection
	GlobalSection(ProjectConfigurationPlatforms) = postSolution
		{390ebee4-61b5-744a-d650-743eb6b7bd07}.Debug|Any CPU.ActiveCfg = Debug|Any CPU
		{390ebee4-61b5-744a-d650-743eb6b7bd07}.Debug|Any CPU.Build.0 = Debug|Any CPU
		{07ce2520-53c0-3b08-545f-9a53376e97c3}.Debug|Any CPU.ActiveCfg = Debug|Any CPU
		{07ce2520-53c0-3b08-545f-9a53376e97c3}.Debug|Any CPU.Build.0 = Debug|Any CPU
		{7cdaeb2c-50e1-0a5d-d1ab-db62908ec7ef}.Debug|Any CPU.ActiveCfg = Debug|Any CPU
		{7cdaeb2c-50e1-0a5d-d1ab-db62908ec7ef}.Debug|Any CPU.Build.0 = Debug|Any CPU
		{4d9dd534-0d9c-82ea-a3a8-5d7cfe75a944}.Debug|Any CPU.ActiveCfg = Debug|Any CPU
		{4d9dd534-0d9c-82ea-a3a8-5d7cfe75a944}.Debug|Any CPU.Build.0 = Debug|Any CPU
		{e4e691e7-d534-a79b-142b-42cd70ff6367}.Debug|Any CPU.ActiveCfg = Debug|Any CPU
		{e4e691e7-d534-a79b-142b-42cd70ff6367}.Debug|Any CPU.Build.0 = Debug|Any CPU
	EndGlobalSection
	GlobalSection(SolutionProperties) = preSolution
		HideSolutionNode = FALSE
	EndGlobalSection
EndGlobal
